
Microsoft Visual Studio Solution File, Format Version 12.00
# Visual Studio Version 17
VisualStudioVersion = 17.6.33829.357
MinimumVisualStudioVersion = 10.0.40219.1
Project("{9A19103F-16F7-4668-BE54-9A1E7A4F7556}") = "CloudSQLAuthProxy.Lab.Api", "CloudSQLAuthProxy.Lab.Api\CloudSQLAuthProxy.Lab.Api.csproj", "{03D00360-1A09-4F32-AB63-D40B7AC940BF}"
	ProjectSection(ProjectDependencies) = postProject
		{4EB6263A-6839-4574-AC74-98AF027FE711} = {4EB6263A-6839-4574-AC74-98AF027FE711}
	EndProjectSection
EndProject
Project("{9A19103F-16F7-4668-BE54-9A1E7A4F7556}") = "CloudSQLAuthProxy.Lab.Repository", "CloudSQLAuthProxy.Lab.Repository\CloudSQLAuthProxy.Lab.Repository.csproj", "{4EB6263A-6839-4574-AC74-98AF027FE711}"
EndProject
Project("{2150E333-8FDC-42A3-9474-1A3956D46DE8}") = "方案項目", "方案項目", "{DE7C52D2-E0D9-40C0-B19E-C791F383A993}"
	ProjectSection(SolutionItems) = preProject
		.github\workflows\build-push-deploy.yml = .github\workflows\build-push-deploy.yml
		.kubernetes\deployment.yaml = .kubernetes\deployment.yaml
		README.md = README.md
	EndProjectSection
EndProject
Global
	GlobalSection(SolutionConfigurationPlatforms) = preSolution
		Debug|Any CPU = Debug|Any CPU
		Release|Any CPU = Release|Any CPU
	EndGlobalSection
	GlobalSection(ProjectConfigurationPlatforms) = postSolution
		{03D00360-1A09-4F32-AB63-D40B7AC940BF}.Debug|Any CPU.ActiveCfg = Debug|Any CPU
		{03D00360-1A09-4F32-AB63-D40B7AC940BF}.Debug|Any CPU.Build.0 = Debug|Any CPU
		{03D00360-1A09-4F32-AB63-D40B7AC940BF}.Release|Any CPU.ActiveCfg = Release|Any CPU
		{03D00360-1A09-4F32-AB63-D40B7AC940BF}.Release|Any CPU.Build.0 = Release|Any CPU
		{4EB6263A-6839-4574-AC74-98AF027FE711}.Debug|Any CPU.ActiveCfg = Debug|Any CPU
		{4EB6263A-6839-4574-AC74-98AF027FE711}.Debug|Any CPU.Build.0 = Debug|Any CPU
		{4EB6263A-6839-4574-AC74-98AF027FE711}.Release|Any CPU.ActiveCfg = Release|Any CPU
		{4EB6263A-6839-4574-AC74-98AF027FE711}.Release|Any CPU.Build.0 = Release|Any CPU
	EndGlobalSection
	GlobalSection(SolutionProperties) = preSolution
		HideSolutionNode = FALSE
	EndGlobalSection
	GlobalSection(ExtensibilityGlobals) = postSolution
		SolutionGuid = {4FD206C0-0C92-471E-A274-CDD958174823}
	EndGlobalSection
EndGlobal
